
Microsoft Visual Studio Solution File, Format Version 12.00
# Visual Studio Version 16
VisualStudioVersion = 16.0.31129.286
MinimumVisualStudioVersion = 10.0.40219.1
Project("{FAE04EC0-301F-11D3-BF4B-00C04F79EFBC}") = "rpg_test", "rpg_test\rpg_test.csproj", "{F73D8B62-B3AC-455A-983F-88EF108D57B0}"
EndProject
Global
	GlobalSection(SolutionConfigurationPlatforms) = preSolution
		Debug|Any CPU = Debug|Any CPU
		Release|Any CPU = Release|Any CPU
	EndGlobalSection
	GlobalSection(ProjectConfigurationPlatforms) = postSolution
		{F73D8B62-B3AC-455A-983F-88EF108D57B0}.Debug|Any CPU.ActiveCfg = Debug|Any CPU
		{F73D8B62-B3AC-455A-983F-88EF108D57B0}.Debug|Any CPU.Build.0 = Debug|Any CPU
		{F73D8B62-B3AC-455A-983F-88EF108D57B0}.Release|Any CPU.ActiveCfg = Release|Any CPU
		{F73D8B62-B3AC-455A-983F-88EF108D57B0}.Release|Any CPU.Build.0 = Release|Any CPU
	EndGlobalSection
	GlobalSection(SolutionProperties) = preSolution
		HideSolutionNode = FALSE
	EndGlobalSection
	GlobalSection(ExtensibilityGlobals) = postSolution
		SolutionGuid = {B3BC087E-6EA7-4B86-B33B-B4CD96FC076B}
	EndGlobalSection
EndGlobal
